
Microsoft Visual Studio Solution File, Format Version 12.00
# Visual Studio 15
VisualStudioVersion = 15.0.26730.12
MinimumVisualStudioVersion = 10.0.40219.1
Project("{FAE04EC0-301F-11D3-BF4B-00C04F79EFBC}") = "XF.Hello.Android", "XF.Hello\XF.Hello.Android\XF.Hello.Android.csproj", "{EBC0EDAA-A6B0-4B26-A551-9F9BE68AFA04}"
EndProject
Project("{FAE04EC0-301F-11D3-BF4B-00C04F79EFBC}") = "XF.Hello", "XF.Hello\XF.Hello\XF.Hello.csproj", "{A25A9F5D-9070-44F4-BC6D-ED6AEF67D282}"
EndProject
Project("{FAE04EC0-301F-11D3-BF4B-00C04F79EFBC}") = "XF.Hello.UWP", "XF.Hello\XF.Hello.UWP\XF.Hello.UWP.csproj", "{1259214E-7535-4F15-8F2C-C843AF06A186}"
EndProject
Project("{FAE04EC0-301F-11D3-BF4B-00C04F79EFBC}") = "XF.Hello.iOS", "XF.Hello\XF.Hello.iOS\XF.Hello.iOS.csproj", "{60A038D5-37BA-4B1C-A458-DE492FA37595}"
EndProject
Global
	GlobalSection(SolutionConfigurationPlatforms) = preSolution
		Ad-Hoc|Any CPU = Ad-Hoc|Any CPU
		Ad-Hoc|ARM = Ad-Hoc|ARM
		Ad-Hoc|iPhone = Ad-Hoc|iPhone
		Ad-Hoc|iPhoneSimulator = Ad-Hoc|iPhoneSimulator
		Ad-Hoc|x64 = Ad-Hoc|x64
		Ad-Hoc|x86 = Ad-Hoc|x86
		AppStore|Any CPU = AppStore|Any CPU
		AppStore|ARM = AppStore|ARM
		AppStore|iPhone = AppStore|iPhone
		AppStore|iPhoneSimulator = AppStore|iPhoneSimulator
		AppStore|x64 = AppStore|x64
		AppStore|x86 = AppStore|x86
		Debug|Any CPU = Debug|Any CPU
		Debug|ARM = Debug|ARM
		Debug|iPhone = Debug|iPhone
		Debug|iPhoneSimulator = Debug|iPhoneSimulator
		Debug|x64 = Debug|x64
		Debug|x86 = Debug|x86
		Release|Any CPU = Release|Any CPU
		Release|ARM = Release|ARM
		Release|iPhone = Release|iPhone
		Release|iPhoneSimulator = Release|iPhoneSimulator
		Release|x64 = Release|x64
		Release|x86 = Release|x86
	EndGlobalSection
	GlobalSection(ProjectConfigurationPlatforms) = postSolution
		{EBC0EDAA-A6B0-4B26-A551-9F9BE68AFA04}.Ad-Hoc|Any CPU.ActiveCfg = Release|Any CPU
		{EBC0EDAA-A6B0-4B26-A551-9F9BE68AFA04}.Ad-Hoc|Any CPU.Build.0 = Release|Any CPU
		{EBC0EDAA-A6B0-4B26-A551-9F9BE68AFA04}.Ad-Hoc|Any CPU.Deploy.0 = Release|Any CPU
		{EBC0EDAA-A6B0-4B26-A551-9F9BE68AFA04}.Ad-Hoc|ARM.ActiveCfg = Release|Any CPU
		{EBC0EDAA-A6B0-4B26-A551-9F9BE68AFA04}.Ad-Hoc|ARM.Build.0 = Release|Any CPU
		{EBC0EDAA-A6B0-4B26-A551-9F9BE68AFA04}.Ad-Hoc|ARM.Deploy.0 = Release|Any CPU
		{EBC0EDAA-A6B0-4B26-A551-9F9BE68AFA04}.Ad-Hoc|iPhone.ActiveCfg = Release|Any CPU
		{EBC0EDAA-A6B0-4B26-A551-9F9BE68AFA04}.Ad-Hoc|iPhone.Build.0 = Release|Any CPU
		{EBC0EDAA-A6B0-4B26-A551-9F9BE68AFA04}.Ad-Hoc|iPhone.Deploy.0 = Release|Any CPU
		{EBC0EDAA-A6B0-4B26-A551-9F9BE68AFA04}.Ad-Hoc|iPhoneSimulator.ActiveCfg = Release|Any CPU
		{EBC0EDAA-A6B0-4B26-A551-9F9BE68AFA04}.Ad-Hoc|iPhoneSimulator.Build.0 = Release|Any CPU
		{EBC0EDAA-A6B0-4B26-A551-9F9BE68AFA04}.Ad-Hoc|iPhoneSimulator.Deploy.0 = Release|Any CPU
		{EBC0EDAA-A6B0-4B26-A551-9F9BE68AFA04}.Ad-Hoc|x64.ActiveCfg = Release|Any CPU
		{EBC0EDAA-A6B0-4B26-A551-9F9BE68AFA04}.Ad-Hoc|x64.Build.0 = Release|Any CPU
		{EBC0EDAA-A6B0-4B26-A551-9F9BE68AFA04}.Ad-Hoc|x64.Deploy.0 = Release|Any CPU
		{EBC0EDAA-A6B0-4B26-A551-9F9BE68AFA04}.Ad-Hoc|x86.ActiveCfg = Release|Any CPU
		{EBC0EDAA-A6B0-4B26-A551-9F9BE68AFA04}.Ad-Hoc|x86.Build.0 = Release|Any CPU
		{EBC0EDAA-A6B0-4B26-A551-9F9BE68AFA04}.Ad-Hoc|x86.Deploy.0 = Release|Any CPU
		{EBC0EDAA-A6B0-4B26-A551-9F9BE68AFA04}.AppStore|Any CPU.ActiveCfg = Release|Any CPU
		{EBC0EDAA-A6B0-4B26-A551-9F9BE68AFA04}.AppStore|Any CPU.Build.0 = Release|Any CPU
		{EBC0EDAA-A6B0-4B26-A551-9F9BE68AFA04}.AppStore|Any CPU.Deploy.0 = Release|Any CPU
		{EBC0EDAA-A6B0-4B26-A551-9F9BE68AFA04}.AppStore|ARM.ActiveCfg = Release|Any CPU
		{EBC0EDAA-A6B0-4B26-A551-9F9BE68AFA04}.AppStore|ARM.Build.0 = Release|Any CPU
		{EBC0EDAA-A6B0-4B26-A551-9F9BE68AFA04}.AppStore|ARM.Deploy.0 = Release|Any CPU
		{EBC0EDAA-A6B0-4B26-A551-9F9BE68AFA04}.AppStore|iPhone.ActiveCfg = Release|Any CPU
		{EBC0EDAA-A6B0-4B26-A551-9F9BE68AFA04}.AppStore|iPhone.Build.0 = Release|Any CPU
		{EBC0EDAA-A6B0-4B26-A551-9F9BE68AFA04}.AppStore|iPhone.Deploy.0 = Release|Any CPU
		{EBC0EDAA-A6B0-4B26-A551-9F9BE68AFA04}.AppStore|iPhoneSimulator.ActiveCfg = Release|Any CPU
		{EBC0EDAA-A6B0-4B26-A551-9F9BE68AFA04}.AppStore|iPhoneSimulator.Build.0 = Release|Any CPU
		{EBC0EDAA-A6B0-4B26-A551-9F9BE68AFA04}.AppStore|iPhoneSimulator.Deploy.0 = Release|Any CPU
		{EBC0EDAA-A6B0-4B26-A551-9F9BE68AFA04}.AppStore|x64.ActiveCfg = Release|Any CPU
		{EBC0EDAA-A6B0-4B26-A551-9F9BE68AFA04}.AppStore|x64.Build.0 = Release|Any CPU
		{EBC0EDAA-A6B0-4B26-A551-9F9BE68AFA04}.AppStore|x64.Deploy.0 = Release|Any CPU
		{EBC0EDAA-A6B0-4B26-A551-9F9BE68AFA04}.AppStore|x86.ActiveCfg = Release|Any CPU
		{EBC0EDAA-A6B0-4B26-A551-9F9BE68AFA04}.AppStore|x86.Build.0 = Release|Any CPU
		{EBC0EDAA-A6B0-4B26-A551-9F9BE68AFA04}.AppStore|x86.Deploy.0 = Release|Any CPU
		{EBC0EDAA-A6B0-4B26-A551-9F9BE68AFA04}.Debug|Any CPU.ActiveCfg = Debug|Any CPU
		{EBC0EDAA-A6B0-4B26-A551-9F9BE68AFA04}.Debug|Any CPU.Build.0 = Debug|Any CPU
		{EBC0EDAA-A6B0-4B26-A551-9F9BE68AFA04}.Debug|Any CPU.Deploy.0 = Debug|Any CPU
		{EBC0EDAA-A6B0-4B26-A551-9F9BE68AFA04}.Debug|ARM.ActiveCfg = Debug|Any CPU
		{EBC0EDAA-A6B0-4B26-A551-9F9BE68AFA04}.Debug|ARM.Build.0 = Debug|Any CPU
		{EBC0EDAA-A6B0-4B26-A551-9F9BE68AFA04}.Debug|ARM.Deploy.0 = Debug|Any CPU
		{EBC0EDAA-A6B0-4B26-A551-9F9BE68AFA04}.Debug|iPhone.ActiveCfg = Debug|Any CPU
		{EBC0EDAA-A6B0-4B26-A551-9F9BE68AFA04}.Debug|iPhone.Build.0 = Debug|Any CPU
		{EBC0EDAA-A6B0-4B26-A551-9F9BE68AFA04}.Debug|iPhone.Deploy.0 = Debug|Any CPU
		{EBC0EDAA-A6B0-4B26-A551-9F9BE68AFA04}.Debug|iPhoneSimulator.ActiveCfg = Debug|Any CPU
		{EBC0EDAA-A6B0-4B26-A551-9F9BE68AFA04}.Debug|iPhoneSimulator.Build.0 = Debug|Any CPU
		{EBC0EDAA-A6B0-4B26-A551-9F9BE68AFA04}.Debug|iPhoneSimulator.Deploy.0 = Debug|Any CPU
		{EBC0EDAA-A6B0-4B26-A551-9F9BE68AFA04}.Debug|x64.ActiveCfg = Debug|Any CPU
		{EBC0EDAA-A6B0-4B26-A551-9F9BE68AFA04}.Debug|x64.Build.0 = Debug|Any CPU
		{EBC0EDAA-A6B0-4B26-A551-9F9BE68AFA04}.Debug|x64.Deploy.0 = Debug|Any CPU
		{EBC0EDAA-A6B0-4B26-A551-9F9BE68AFA04}.Debug|x86.ActiveCfg = Debug|Any CPU
		{EBC0EDAA-A6B0-4B26-A551-9F9BE68AFA04}.Debug|x86.Build.0 = Debug|Any CPU
		{EBC0EDAA-A6B0-4B26-A551-9F9BE68AFA04}.Debug|x86.Deploy.0 = Debug|Any CPU
		{EBC0EDAA-A6B0-4B26-A551-9F9BE68AFA04}.Release|Any CPU.ActiveCfg = Release|Any CPU
		{EBC0EDAA-A6B0-4B26-A551-9F9BE68AFA04}.Release|Any CPU.Build.0 = Release|Any CPU
		{EBC0EDAA-A6B0-4B26-A551-9F9BE68AFA04}.Release|Any CPU.Deploy.0 = Release|Any CPU
		{EBC0EDAA-A6B0-4B26-A551-9F9BE68AFA04}.Release|ARM.ActiveCfg = Release|Any CPU
		{EBC0EDAA-A6B0-4B26-A551-9F9BE68AFA04}.Release|ARM.Build.0 = Release|Any CPU
		{EBC0EDAA-A6B0-4B26-A551-9F9BE68AFA04}.Release|ARM.Deploy.0 = Release|Any CPU
		{EBC0EDAA-A6B0-4B26-A551-9F9BE68AFA04}.Release|iPhone.ActiveCfg = Release|Any CPU
		{EBC0EDAA-A6B0-4B26-A551-9F9BE68AFA04}.Release|iPhone.Build.0 = Release|Any CPU
		{EBC0EDAA-A6B0-4B26-A551-9F9BE68AFA04}.Release|iPhone.Deploy.0 = Release|Any CPU
		{EBC0EDAA-A6B0-4B26-A551-9F9BE68AFA04}.Release|iPhoneSimulator.ActiveCfg = Release|Any CPU
		{EBC0EDAA-A6B0-4B26-A551-9F9BE68AFA04}.Release|iPhoneSimulator.Build.0 = Release|Any CPU
		{EBC0EDAA-A6B0-4B26-A551-9F9BE68AFA04}.Release|iPhoneSimulator.Deploy.0 = Release|Any CPU
		{EBC0EDAA-A6B0-4B26-A551-9F9BE68AFA04}.Release|x64.ActiveCfg = Release|Any CPU
		{EBC0EDAA-A6B0-4B26-A551-9F9BE68AFA04}.Release|x64.Build.0 = Release|Any CPU
		{EBC0EDAA-A6B0-4B26-A551-9F9BE68AFA04}.Release|x64.Deploy.0 = Release|Any CPU
		{EBC0EDAA-A6B0-4B26-A551-9F9BE68AFA04}.Release|x86.ActiveCfg = Release|Any CPU
		{EBC0EDAA-A6B0-4B26-A551-9F9BE68AFA04}.Release|x86.Build.0 = Release|Any CPU
		{EBC0EDAA-A6B0-4B26-A551-9F9BE68AFA04}.Release|x86.Deploy.0 = Release|Any CPU
		{A25A9F5D-9070-44F4-BC6D-ED6AEF67D282}.Ad-Hoc|Any CPU.ActiveCfg = Release|Any CPU
		{A25A9F5D-9070-44F4-BC6D-ED6AEF67D282}.Ad-Hoc|Any CPU.Build.0 = Release|Any CPU
		{A25A9F5D-9070-44F4-BC6D-ED6AEF67D282}.Ad-Hoc|ARM.ActiveCfg = Release|Any CPU
		{A25A9F5D-9070-44F4-BC6D-ED6AEF67D282}.Ad-Hoc|ARM.Build.0 = Release|Any CPU
		{A25A9F5D-9070-44F4-BC6D-ED6AEF67D282}.Ad-Hoc|iPhone.ActiveCfg = Release|Any CPU
		{A25A9F5D-9070-44F4-BC6D-ED6AEF67D282}.Ad-Hoc|iPhone.Build.0 = Release|Any CPU
		{A25A9F5D-9070-44F4-BC6D-ED6AEF67D282}.Ad-Hoc|iPhoneSimulator.ActiveCfg = Release|Any CPU
		{A25A9F5D-9070-44F4-BC6D-ED6AEF67D282}.Ad-Hoc|iPhoneSimulator.Build.0 = Release|Any CPU
		{A25A9F5D-9070-44F4-BC6D-ED6AEF67D282}.Ad-Hoc|x64.ActiveCfg = Release|Any CPU
		{A25A9F5D-9070-44F4-BC6D-ED6AEF67D282}.Ad-Hoc|x64.Build.0 = Release|Any CPU
		{A25A9F5D-9070-44F4-BC6D-ED6AEF67D282}.Ad-Hoc|x86.ActiveCfg = Release|Any CPU
		{A25A9F5D-9070-44F4-BC6D-ED6AEF67D282}.Ad-Hoc|x86.Build.0 = Release|Any CPU
		{A25A9F5D-9070-44F4-BC6D-ED6AEF67D282}.AppStore|Any CPU.ActiveCfg = Release|Any CPU
		{A25A9F5D-9070-44F4-BC6D-ED6AEF67D282}.AppStore|Any CPU.Build.0 = Release|Any CPU
		{A25A9F5D-9070-44F4-BC6D-ED6AEF67D282}.AppStore|ARM.ActiveCfg = Release|Any CPU
		{A25A9F5D-9070-44F4-BC6D-ED6AEF67D282}.AppStore|ARM.Build.0 = Release|Any CPU
		{A25A9F5D-9070-44F4-BC6D-ED6AEF67D282}.AppStore|iPhone.ActiveCfg = Release|Any CPU
		{A25A9F5D-9070-44F4-BC6D-ED6AEF67D282}.AppStore|iPhone.Build.0 = Release|Any CPU
		{A25A9F5D-9070-44F4-BC6D-ED6AEF67D282}.AppStore|iPhoneSimulator.ActiveCfg = Release|Any CPU
		{A25A9F5D-9070-44F4-BC6D-ED6AEF67D282}.AppStore|iPhoneSimulator.Build.0 = Release|Any CPU
		{A25A9F5D-9070-44F4-BC6D-ED6AEF67D282}.AppStore|x64.ActiveCfg = Release|Any CPU
		{A25A9F5D-9070-44F4-BC6D-ED6AEF67D282}.AppStore|x64.Build.0 = Release|Any CPU
		{A25A9F5D-9070-44F4-BC6D-ED6AEF67D282}.AppStore|x86.ActiveCfg = Release|Any CPU
		{A25A9F5D-9070-44F4-BC6D-ED6AEF67D282}.AppStore|x86.Build.0 = Release|Any CPU
		{A25A9F5D-9070-44F4-BC6D-ED6AEF67D282}.Debug|Any CPU.ActiveCfg = Debug|Any CPU
		{A25A9F5D-9070-44F4-BC6D-ED6AEF67D282}.Debug|Any CPU.Build.0 = Debug|Any CPU
		{A25A9F5D-9070-44F4-BC6D-ED6AEF67D282}.Debug|ARM.ActiveCfg = Debug|Any CPU
		{A25A9F5D-9070-44F4-BC6D-ED6AEF67D282}.Debug|ARM.Build.0 = Debug|Any CPU
		{A25A9F5D-9070-44F4-BC6D-ED6AEF67D282}.Debug|iPhone.ActiveCfg = Debug|Any CPU
		{A25A9F5D-9070-44F4-BC6D-ED6AEF67D282}.Debug|iPhone.Build.0 = Debug|Any CPU
		{A25A9F5D-9070-44F4-BC6D-ED6AEF67D282}.Debug|iPhoneSimulator.ActiveCfg = Debug|Any CPU
		{A25A9F5D-9070-44F4-BC6D-ED6AEF67D282}.Debug|iPhoneSimulator.Build.0 = Debug|Any CPU
		{A25A9F5D-9070-44F4-BC6D-ED6AEF67D282}.Debug|x64.ActiveCfg = Debug|Any CPU
		{A25A9F5D-9070-44F4-BC6D-ED6AEF67D282}.Debug|x64.Build.0 = Debug|Any CPU
		{A25A9F5D-9070-44F4-BC6D-ED6AEF67D282}.Debug|x86.ActiveCfg = Debug|Any CPU
		{A25A9F5D-9070-44F4-BC6D-ED6AEF67D282}.Debug|x86.Build.0 = Debug|Any CPU
		{A25A9F5D-9070-44F4-BC6D-ED6AEF67D282}.Release|Any CPU.ActiveCfg = Release|Any CPU
		{A25A9F5D-9070-44F4-BC6D-ED6AEF67D282}.Release|Any CPU.Build.0 = Release|Any CPU
		{A25A9F5D-9070-44F4-BC6D-ED6AEF67D282}.Release|ARM.ActiveCfg = Release|Any CPU
		{A25A9F5D-9070-44F4-BC6D-ED6AEF67D282}.Release|ARM.Build.0 = Release|Any CPU
		{A25A9F5D-9070-44F4-BC6D-ED6AEF67D282}.Release|iPhone.ActiveCfg = Release|Any CPU
		{A25A9F5D-9070-44F4-BC6D-ED6AEF67D282}.Release|iPhone.Build.0 = Release|Any CPU
		{A25A9F5D-9070-44F4-BC6D-ED6AEF67D282}.Release|iPhoneSimulator.ActiveCfg = Release|Any CPU
		{A25A9F5D-9070-44F4-BC6D-ED6AEF67D282}.Release|iPhoneSimulator.Build.0 = Release|Any CPU
		{A25A9F5D-9070-44F4-BC6D-ED6AEF67D282}.Release|x64.ActiveCfg = Release|Any CPU
		{A25A9F5D-9070-44F4-BC6D-ED6AEF67D282}.Release|x64.Build.0 = Release|Any CPU
		{A25A9F5D-9070-44F4-BC6D-ED6AEF67D282}.Release|x86.ActiveCfg = Release|Any CPU
		{A25A9F5D-9070-44F4-BC6D-ED6AEF67D282}.Release|x86.Build.0 = Release|Any CPU
		{1259214E-7535-4F15-8F2C-C843AF06A186}.Ad-Hoc|Any CPU.ActiveCfg = Release|x86
		{1259214E-7535-4F15-8F2C-C843AF06A186}.Ad-Hoc|Any CPU.Build.0 = Release|x86
		{1259214E-7535-4F15-8F2C-C843AF06A186}.Ad-Hoc|Any CPU.Deploy.0 = Release|x86
		{1259214E-7535-4F15-8F2C-C843AF06A186}.Ad-Hoc|ARM.ActiveCfg = Release|ARM
		{1259214E-7535-4F15-8F2C-C843AF06A186}.Ad-Hoc|ARM.Build.0 = Release|ARM
		{1259214E-7535-4F15-8F2C-C843AF06A186}.Ad-Hoc|ARM.Deploy.0 = Release|ARM
		{1259214E-7535-4F15-8F2C-C843AF06A186}.Ad-Hoc|iPhone.ActiveCfg = Release|x86
		{1259214E-7535-4F15-8F2C-C843AF06A186}.Ad-Hoc|iPhone.Build.0 = Release|x86
		{1259214E-7535-4F15-8F2C-C843AF06A186}.Ad-Hoc|iPhone.Deploy.0 = Release|x86
		{1259214E-7535-4F15-8F2C-C843AF06A186}.Ad-Hoc|iPhoneSimulator.ActiveCfg = Release|x86
		{1259214E-7535-4F15-8F2C-C843AF06A186}.Ad-Hoc|iPhoneSimulator.Build.0 = Release|x86
		{1259214E-7535-4F15-8F2C-C843AF06A186}.Ad-Hoc|iPhoneSimulator.Deploy.0 = Release|x86
		{1259214E-7535-4F15-8F2C-C843AF06A186}.Ad-Hoc|x64.ActiveCfg = Release|x64
		{1259214E-7535-4F15-8F2C-C843AF06A186}.Ad-Hoc|x64.Build.0 = Release|x64
		{1259214E-7535-4F15-8F2C-C843AF06A186}.Ad-Hoc|x64.Deploy.0 = Release|x64
		{1259214E-7535-4F15-8F2C-C843AF06A186}.Ad-Hoc|x86.ActiveCfg = Release|x86
		{1259214E-7535-4F15-8F2C-C843AF06A186}.Ad-Hoc|x86.Build.0 = Release|x86
		{1259214E-7535-4F15-8F2C-C843AF06A186}.Ad-Hoc|x86.Deploy.0 = Release|x86
		{1259214E-7535-4F15-8F2C-C843AF06A186}.AppStore|Any CPU.ActiveCfg = Release|x86
		{1259214E-7535-4F15-8F2C-C843AF06A186}.AppStore|Any CPU.Build.0 = Release|x86
		{1259214E-7535-4F15-8F2C-C843AF06A186}.AppStore|Any CPU.Deploy.0 = Release|x86
		{1259214E-7535-4F15-8F2C-C843AF06A186}.AppStore|ARM.ActiveCfg = Release|ARM
		{1259214E-7535-4F15-8F2C-C843AF06A186}.AppStore|ARM.Build.0 = Release|ARM
		{1259214E-7535-4F15-8F2C-C843AF06A186}.AppStore|ARM.Deploy.0 = Release|ARM
		{1259214E-7535-4F15-8F2C-C843AF06A186}.AppStore|iPhone.ActiveCfg = Release|x86
		{1259214E-7535-4F15-8F2C-C843AF06A186}.AppStore|iPhone.Build.0 = Release|x86
		{1259214E-7535-4F15-8F2C-C843AF06A186}.AppStore|iPhone.Deploy.0 = Release|x86
		{1259214E-7535-4F15-8F2C-C843AF06A186}.AppStore|iPhoneSimulator.ActiveCfg = Release|x86
		{1259214E-7535-4F15-8F2C-C843AF06A186}.AppStore|iPhoneSimulator.Build.0 = Release|x86
		{1259214E-7535-4F15-8F2C-C843AF06A186}.AppStore|iPhoneSimulator.Deploy.0 = Release|x86
		{1259214E-7535-4F15-8F2C-C843AF06A186}.AppStore|x64.ActiveCfg = Release|x64
		{1259214E-7535-4F15-8F2C-C843AF06A186}.AppStore|x64.Build.0 = Release|x64
		{1259214E-7535-4F15-8F2C-C843AF06A186}.AppStore|x64.Deploy.0 = Release|x64
		{1259214E-7535-4F15-8F2C-C843AF06A186}.AppStore|x86.ActiveCfg = Release|x86
		{1259214E-7535-4F15-8F2C-C843AF06A186}.AppStore|x86.Build.0 = Release|x86
		{1259214E-7535-4F15-8F2C-C843AF06A186}.AppStore|x86.Deploy.0 = Release|x86
		{1259214E-7535-4F15-8F2C-C843AF06A186}.Debug|Any CPU.ActiveCfg = Debug|x86
		{1259214E-7535-4F15-8F2C-C843AF06A186}.Debug|ARM.ActiveCfg = Debug|ARM
		{1259214E-7535-4F15-8F2C-C843AF06A186}.Debug|ARM.Build.0 = Debug|ARM
		{1259214E-7535-4F15-8F2C-C843AF06A186}.Debug|ARM.Deploy.0 = Debug|ARM
		{1259214E-7535-4F15-8F2C-C843AF06A186}.Debug|iPhone.ActiveCfg = Debug|x86
		{1259214E-7535-4F15-8F2C-C843AF06A186}.Debug|iPhoneSimulator.ActiveCfg = Debug|x86
		{1259214E-7535-4F15-8F2C-C843AF06A186}.Debug|x64.ActiveCfg = Debug|x64
		{1259214E-7535-4F15-8F2C-C843AF06A186}.Debug|x64.Build.0 = Debug|x64
		{1259214E-7535-4F15-8F2C-C843AF06A186}.Debug|x64.Deploy.0 = Debug|x64
		{1259214E-7535-4F15-8F2C-C843AF06A186}.Debug|x86.ActiveCfg = Debug|x86
		{1259214E-7535-4F15-8F2C-C843AF06A186}.Debug|x86.Build.0 = Debug|x86
		{1259214E-7535-4F15-8F2C-C843AF06A186}.Debug|x86.Deploy.0 = Debug|x86
		{1259214E-7535-4F15-8F2C-C843AF06A186}.Release|Any CPU.ActiveCfg = Release|x86
		{1259214E-7535-4F15-8F2C-C843AF06A186}.Release|ARM.ActiveCfg = Release|ARM
		{1259214E-7535-4F15-8F2C-C843AF06A186}.Release|ARM.Build.0 = Release|ARM
		{1259214E-7535-4F15-8F2C-C843AF06A186}.Release|ARM.Deploy.0 = Release|ARM
		{1259214E-7535-4F15-8F2C-C843AF06A186}.Release|iPhone.ActiveCfg = Release|x86
		{1259214E-7535-4F15-8F2C-C843AF06A186}.Release|iPhoneSimulator.ActiveCfg = Release|x86
		{1259214E-7535-4F15-8F2C-C843AF06A186}.Release|x64.ActiveCfg = Release|x64
		{1259214E-7535-4F15-8F2C-C843AF06A186}.Release|x64.Build.0 = Release|x64
		{1259214E-7535-4F15-8F2C-C843AF06A186}.Release|x64.Deploy.0 = Release|x64
		{1259214E-7535-4F15-8F2C-C843AF06A186}.Release|x86.ActiveCfg = Release|x86
		{1259214E-7535-4F15-8F2C-C843AF06A186}.Release|x86.Build.0 = Release|x86
		{1259214E-7535-4F15-8F2C-C843AF06A186}.Release|x86.Deploy.0 = Release|x86
		{60A038D5-37BA-4B1C-A458-DE492FA37595}.Ad-Hoc|Any CPU.ActiveCfg = Ad-Hoc|iPhone
		{60A038D5-37BA-4B1C-A458-DE492FA37595}.Ad-Hoc|ARM.ActiveCfg = Ad-Hoc|iPhone
		{60A038D5-37BA-4B1C-A458-DE492FA37595}.Ad-Hoc|iPhone.ActiveCfg = Ad-Hoc|iPhone
		{60A038D5-37BA-4B1C-A458-DE492FA37595}.Ad-Hoc|iPhone.Build.0 = Ad-Hoc|iPhone
		{60A038D5-37BA-4B1C-A458-DE492FA37595}.Ad-Hoc|iPhoneSimulator.ActiveCfg = Ad-Hoc|iPhoneSimulator
		{60A038D5-37BA-4B1C-A458-DE492FA37595}.Ad-Hoc|iPhoneSimulator.Build.0 = Ad-Hoc|iPhoneSimulator
		{60A038D5-37BA-4B1C-A458-DE492FA37595}.Ad-Hoc|x64.ActiveCfg = Ad-Hoc|iPhone
		{60A038D5-37BA-4B1C-A458-DE492FA37595}.Ad-Hoc|x86.ActiveCfg = Ad-Hoc|iPhone
		{60A038D5-37BA-4B1C-A458-DE492FA37595}.AppStore|Any CPU.ActiveCfg = AppStore|iPhone
		{60A038D5-37BA-4B1C-A458-DE492FA37595}.AppStore|ARM.ActiveCfg = AppStore|iPhone
		{60A038D5-37BA-4B1C-A458-DE492FA37595}.AppStore|iPhone.ActiveCfg = AppStore|iPhone
		{60A038D5-37BA-4B1C-A458-DE492FA37595}.AppStore|iPhone.Build.0 = AppStore|iPhone
		{60A038D5-37BA-4B1C-A458-DE492FA37595}.AppStore|iPhoneSimulator.ActiveCfg = AppStore|iPhoneSimulator
		{60A038D5-37BA-4B1C-A458-DE492FA37595}.AppStore|iPhoneSimulator.Build.0 = AppStore|iPhoneSimulator
		{60A038D5-37BA-4B1C-A458-DE492FA37595}.AppStore|x64.ActiveCfg = AppStore|iPhone
		{60A038D5-37BA-4B1C-A458-DE492FA37595}.AppStore|x86.ActiveCfg = AppStore|iPhone
		{60A038D5-37BA-4B1C-A458-DE492FA37595}.Debug|Any CPU.ActiveCfg = Debug|iPhone
		{60A038D5-37BA-4B1C-A458-DE492FA37595}.Debug|ARM.ActiveCfg = Debug|iPhone
		{60A038D5-37BA-4B1C-A458-DE492FA37595}.Debug|iPhone.ActiveCfg = Debug|iPhone
		{60A038D5-37BA-4B1C-A458-DE492FA37595}.Debug|iPhone.Build.0 = Debug|iPhone
		{60A038D5-37BA-4B1C-A458-DE492FA37595}.Debug|iPhoneSimulator.ActiveCfg = Debug|iPhoneSimulator
		{60A038D5-37BA-4B1C-A458-DE492FA37595}.Debug|iPhoneSimulator.Build.0 = Debug|iPhoneSimulator
		{60A038D5-37BA-4B1C-A458-DE492FA37595}.Debug|x64.ActiveCfg = Debug|iPhone
		{60A038D5-37BA-4B1C-A458-DE492FA37595}.Debug|x86.ActiveCfg = Debug|iPhone
		{60A038D5-37BA-4B1C-A458-DE492FA37595}.Release|Any CPU.ActiveCfg = Release|iPhone
		{60A038D5-37BA-4B1C-A458-DE492FA37595}.Release|ARM.ActiveCfg = Release|iPhone
		{60A038D5-37BA-4B1C-A458-DE492FA37595}.Release|iPhone.ActiveCfg = Release|iPhone
		{60A038D5-37BA-4B1C-A458-DE492FA37595}.Release|iPhone.Build.0 = Release|iPhone
		{60A038D5-37BA-4B1C-A458-DE492FA37595}.Release|iPhoneSimulator.ActiveCfg = Release|iPhoneSimulator
		{60A038D5-37BA-4B1C-A458-DE492FA37595}.Release|iPhoneSimulator.Build.0 = Release|iPhoneSimulator
		{60A038D5-37BA-4B1C-A458-DE492FA37595}.Release|x64.ActiveCfg = Release|iPhone
		{60A038D5-37BA-4B1C-A458-DE492FA37595}.Release|x86.ActiveCfg = Release|iPhone
	EndGlobalSection
	GlobalSection(SolutionProperties) = preSolution
		HideSolutionNode = FALSE
	EndGlobalSection
	GlobalSection(ExtensibilityGlobals) = postSolution
		SolutionGuid = {4BAF7947-B387-48BA-9EE7-574864765B81}
	EndGlobalSection
EndGlobal
